// !$*UTF8*$!
{
	archiveVersion = 1;
	classes = {
	};
	objectVersion = 46;
	objects = {

/* Begin PBXBuildFile section */
		5E20802D1BE7CCD8003F8BB7 /* LocationUtility.swift in Sources */ = {isa = PBXBuildFile; fileRef = 5E20802C1BE7CCD8003F8BB7 /* LocationUtility.swift */; };
		5E33F1CA1BE1625D0079EA78 /* Sighting.swift in Sources */ = {isa = PBXBuildFile; fileRef = 5E33F1C91BE1625D0079EA78 /* Sighting.swift */; };
		5E33F1CF1BE165770079EA78 /* AlamofireRequest+Responses.swift in Sources */ = {isa = PBXBuildFile; fileRef = 5E33F1CE1BE165770079EA78 /* AlamofireRequest+Responses.swift */; };
		5E33F1D41BE3D7750079EA78 /* AppDelegate.swift in Sources */ = {isa = PBXBuildFile; fileRef = 5E33F1D31BE3D7750079EA78 /* AppDelegate.swift */; };
		5E33F1D61BE3D77E0079EA78 /* SightingsViewController.swift in Sources */ = {isa = PBXBuildFile; fileRef = 5E33F1D51BE3D77E0079EA78 /* SightingsViewController.swift */; };
		5E33F1DB1BE3E3790079EA78 /* SightingCollectionViewCell.swift in Sources */ = {isa = PBXBuildFile; fileRef = 5E33F1DA1BE3E3790079EA78 /* SightingCollectionViewCell.swift */; };
		65B09B5A46C5389A74DABA1D /* Pods.framework in Frameworks */ = {isa = PBXBuildFile; fileRef = CE067AE341E249ABD1FFBD2B /* Pods.framework */; };
		AC8494F01BE1B858000173D9 /* SightingsManager.swift in Sources */ = {isa = PBXBuildFile; fileRef = AC8494EF1BE1B858000173D9 /* SightingsManager.swift */; };
		FA1D083A1BE663D800374E8F /* ImgurRouter.swift in Sources */ = {isa = PBXBuildFile; fileRef = FA1D08391BE663D800374E8F /* ImgurRouter.swift */; };
		FA1D083C1BE690C200374E8F /* imgurImages.plist in Resources */ = {isa = PBXBuildFile; fileRef = FA1D083B1BE690C200374E8F /* imgurImages.plist */; };
		FA1D083E1BE6913500374E8F /* ImagesManager.swift in Sources */ = {isa = PBXBuildFile; fileRef = FA1D083D1BE6913500374E8F /* ImagesManager.swift */; };
		FA455EC91BE07AA100293002 /* EbirdRouter.swift in Sources */ = {isa = PBXBuildFile; fileRef = FA455EC81BE07AA100293002 /* EbirdRouter.swift */; };
		FADC78531BE0561500CB0A28 /* Main.storyboard in Resources */ = {isa = PBXBuildFile; fileRef = FADC78511BE0561500CB0A28 /* Main.storyboard */; };
		FADC78551BE0561500CB0A28 /* Assets.xcassets in Resources */ = {isa = PBXBuildFile; fileRef = FADC78541BE0561500CB0A28 /* Assets.xcassets */; };
		FADC78581BE0561500CB0A28 /* LaunchScreen.storyboard in Resources */ = {isa = PBXBuildFile; fileRef = FADC78561BE0561500CB0A28 /* LaunchScreen.storyboard */; };
/* End PBXBuildFile section */

/* Begin PBXFileReference section */
		5E20802C1BE7CCD8003F8BB7 /* LocationUtility.swift */ = {isa = PBXFileReference; fileEncoding = 4; lastKnownFileType = sourcecode.swift; name = LocationUtility.swift; path = Classes/Utilities/LocationUtility.swift; sourceTree = "<group>"; };
		5E33F1C91BE1625D0079EA78 /* Sighting.swift */ = {isa = PBXFileReference; fileEncoding = 4; lastKnownFileType = sourcecode.swift; name = Sighting.swift; path = Classes/Models/Sighting.swift; sourceTree = "<group>"; };
		5E33F1CE1BE165770079EA78 /* AlamofireRequest+Responses.swift */ = {isa = PBXFileReference; fileEncoding = 4; lastKnownFileType = sourcecode.swift; name = "AlamofireRequest+Responses.swift"; path = "Classes/Webservices/AlamofireRequest+Responses.swift"; sourceTree = "<group>"; };
		5E33F1D31BE3D7750079EA78 /* AppDelegate.swift */ = {isa = PBXFileReference; fileEncoding = 4; lastKnownFileType = sourcecode.swift; name = AppDelegate.swift; path = Classes/AppDelegate.swift; sourceTree = "<group>"; };
		5E33F1D51BE3D77E0079EA78 /* SightingsViewController.swift */ = {isa = PBXFileReference; fileEncoding = 4; lastKnownFileType = sourcecode.swift; name = SightingsViewController.swift; path = Classes/Controllers/SightingsViewController.swift; sourceTree = "<group>"; };
		5E33F1DA1BE3E3790079EA78 /* SightingCollectionViewCell.swift */ = {isa = PBXFileReference; fileEncoding = 4; lastKnownFileType = sourcecode.swift; name = SightingCollectionViewCell.swift; path = Classes/Views/SightingCollectionViewCell.swift; sourceTree = "<group>"; };
		87D7D865CC8E055CC465242D /* Pods.release.xcconfig */ = {isa = PBXFileReference; includeInIndex = 1; lastKnownFileType = text.xcconfig; name = Pods.release.xcconfig; path = "Pods/Target Support Files/Pods/Pods.release.xcconfig"; sourceTree = "<group>"; };
		AC8494EF1BE1B858000173D9 /* SightingsManager.swift */ = {isa = PBXFileReference; fileEncoding = 4; lastKnownFileType = sourcecode.swift; name = SightingsManager.swift; path = Classes/Managers/SightingsManager.swift; sourceTree = "<group>"; };
		CE067AE341E249ABD1FFBD2B /* Pods.framework */ = {isa = PBXFileReference; explicitFileType = wrapper.framework; includeInIndex = 0; path = Pods.framework; sourceTree = BUILT_PRODUCTS_DIR; };
		FA1D08391BE663D800374E8F /* ImgurRouter.swift */ = {isa = PBXFileReference; fileEncoding = 4; lastKnownFileType = sourcecode.swift; name = ImgurRouter.swift; path = Classes/Webservices/ImgurRouter.swift; sourceTree = "<group>"; };
		FA1D083B1BE690C200374E8F /* imgurImages.plist */ = {isa = PBXFileReference; fileEncoding = 4; lastKnownFileType = text.plist.xml; name = imgurImages.plist; path = Resources/imgurImages.plist; sourceTree = "<group>"; };
		FA1D083D1BE6913500374E8F /* ImagesManager.swift */ = {isa = PBXFileReference; fileEncoding = 4; lastKnownFileType = sourcecode.swift; name = ImagesManager.swift; path = Classes/Managers/ImagesManager.swift; sourceTree = "<group>"; };
		FA455EC81BE07AA100293002 /* EbirdRouter.swift */ = {isa = PBXFileReference; fileEncoding = 4; lastKnownFileType = sourcecode.swift; name = EbirdRouter.swift; path = Classes/Webservices/EbirdRouter.swift; sourceTree = "<group>"; };
		FADC784A1BE0561500CB0A28 /* Birds Around Me.app */ = {isa = PBXFileReference; explicitFileType = wrapper.application; includeInIndex = 0; path = "Birds Around Me.app"; sourceTree = BUILT_PRODUCTS_DIR; };
		FADC78521BE0561500CB0A28 /* Base */ = {isa = PBXFileReference; lastKnownFileType = file.storyboard; name = Base; path = Base.lproj/Main.storyboard; sourceTree = "<group>"; };
		FADC78541BE0561500CB0A28 /* Assets.xcassets */ = {isa = PBXFileReference; lastKnownFileType = folder.assetcatalog; path = Assets.xcassets; sourceTree = "<group>"; };
		FADC78571BE0561500CB0A28 /* Base */ = {isa = PBXFileReference; lastKnownFileType = file.storyboard; name = Base; path = Base.lproj/LaunchScreen.storyboard; sourceTree = "<group>"; };
		FADC78591BE0561500CB0A28 /* Info.plist */ = {isa = PBXFileReference; lastKnownFileType = text.plist.xml; path = Info.plist; sourceTree = "<group>"; };
		FB79AE2D453BC92F02A7E753 /* Pods.debug.xcconfig */ = {isa = PBXFileReference; includeInIndex = 1; lastKnownFileType = text.xcconfig; name = Pods.debug.xcconfig; path = "Pods/Target Support Files/Pods/Pods.debug.xcconfig"; sourceTree = "<group>"; };
/* End PBXFileReference section */

/* Begin PBXFrameworksBuildPhase section */
		FADC78471BE0561500CB0A28 /* Frameworks */ = {
			isa = PBXFrameworksBuildPhase;
			buildActionMask = 2147483647;
			files = (
				65B09B5A46C5389A74DABA1D /* Pods.framework in Frameworks */,
			);
			runOnlyForDeploymentPostprocessing = 0;
		};
/* End PBXFrameworksBuildPhase section */

/* Begin PBXGroup section */
		5E20802B1BE7CC3E003F8BB7 /* Utilities */ = {
			isa = PBXGroup;
			children = (
				5E20802C1BE7CCD8003F8BB7 /* LocationUtility.swift */,
			);
			name = Utilities;
			sourceTree = "<group>";
		};
		5E33F1D21BE3D7460079EA78 /* Controllers */ = {
			isa = PBXGroup;
			children = (
				5E33F1D51BE3D77E0079EA78 /* SightingsViewController.swift */,
			);
			name = Controllers;
			sourceTree = "<group>";
		};
		5E33F1D71BE3E3290079EA78 /* Views */ = {
			isa = PBXGroup;
			children = (
				5E33F1DA1BE3E3790079EA78 /* SightingCollectionViewCell.swift */,
			);
			name = Views;
			sourceTree = "<group>";
		};
		67D84A5163611B97F3D217D8 /* Pods */ = {
			isa = PBXGroup;
			children = (
				FB79AE2D453BC92F02A7E753 /* Pods.debug.xcconfig */,
				87D7D865CC8E055CC465242D /* Pods.release.xcconfig */,
			);
			name = Pods;
			sourceTree = "<group>";
		};
		DD85DD306A927D4B49FCB4A5 /* Frameworks */ = {
			isa = PBXGroup;
			children = (
				CE067AE341E249ABD1FFBD2B /* Pods.framework */,
			);
			name = Frameworks;
			sourceTree = "<group>";
		};
		FA455EC31BE079FF00293002 /* Classes */ = {
			isa = PBXGroup;
			children = (
				5E33F1D31BE3D7750079EA78 /* AppDelegate.swift */,
				5E33F1D21BE3D7460079EA78 /* Controllers */,
				FA455EC61BE07A1600293002 /* Managers */,
				FA455EC41BE07A0600293002 /* Models */,
				5E20802B1BE7CC3E003F8BB7 /* Utilities */,
				5E33F1D71BE3E3290079EA78 /* Views */,
				FA455EC71BE07A3500293002 /* Webservices */,
			);
			name = Classes;
			sourceTree = "<group>";
		};
		FA455EC41BE07A0600293002 /* Models */ = {
			isa = PBXGroup;
			children = (
				5E33F1C91BE1625D0079EA78 /* Sighting.swift */,
			);
			name = Models;
			sourceTree = "<group>";
		};
		FA455EC61BE07A1600293002 /* Managers */ = {
			isa = PBXGroup;
			children = (
				AC8494EF1BE1B858000173D9 /* SightingsManager.swift */,
				FA1D083D1BE6913500374E8F /* ImagesManager.swift */,
			);
			name = Managers;
			sourceTree = "<group>";
		};
		FA455EC71BE07A3500293002 /* Webservices */ = {
			isa = PBXGroup;
			children = (
				5E33F1CE1BE165770079EA78 /* AlamofireRequest+Responses.swift */,
				FA455EC81BE07AA100293002 /* EbirdRouter.swift */,
				FA1D08391BE663D800374E8F /* ImgurRouter.swift */,
			);
			name = Webservices;
			sourceTree = "<group>";
		};
		FADC78411BE0561400CB0A28 = {
			isa = PBXGroup;
			children = (
				FADC784C1BE0561500CB0A28 /* Birds Around Me */,
				FADC784B1BE0561500CB0A28 /* Products */,
				67D84A5163611B97F3D217D8 /* Pods */,
				DD85DD306A927D4B49FCB4A5 /* Frameworks */,
			);
			sourceTree = "<group>";
		};
		FADC784B1BE0561500CB0A28 /* Products */ = {
			isa = PBXGroup;
			children = (
				FADC784A1BE0561500CB0A28 /* Birds Around Me.app */,
			);
			name = Products;
			sourceTree = "<group>";
		};
		FADC784C1BE0561500CB0A28 /* Birds Around Me */ = {
			isa = PBXGroup;
			children = (
				FA455EC31BE079FF00293002 /* Classes */,
				FADC78511BE0561500CB0A28 /* Main.storyboard */,
				FADC78541BE0561500CB0A28 /* Assets.xcassets */,
				FADC78561BE0561500CB0A28 /* LaunchScreen.storyboard */,
				FADC78591BE0561500CB0A28 /* Info.plist */,
				FA1D083B1BE690C200374E8F /* imgurImages.plist */,
			);
			path = "Birds Around Me";
			sourceTree = "<group>";
		};
/* End PBXGroup section */

/* Begin PBXNativeTarget section */
		FADC78491BE0561500CB0A28 /* Birds Around Me */ = {
			isa = PBXNativeTarget;
			buildConfigurationList = FADC785C1BE0561500CB0A28 /* Build configuration list for PBXNativeTarget "Birds Around Me" */;
			buildPhases = (
				C25D9DA6359ADBB54EDFB3D3 /* Check Pods Manifest.lock */,
				FADC78461BE0561500CB0A28 /* Sources */,
				FADC78471BE0561500CB0A28 /* Frameworks */,
				FADC78481BE0561500CB0A28 /* Resources */,
				73EE8343F5157ED59932AD6B /* Embed Pods Frameworks */,
				518877DA691382CFC180D4F8 /* Copy Pods Resources */,
			);
			buildRules = (
			);
			dependencies = (
			);
			name = "Birds Around Me";
			productName = "Birds Around Me";
			productReference = FADC784A1BE0561500CB0A28 /* Birds Around Me.app */;
			productType = "com.apple.product-type.application";
		};
/* End PBXNativeTarget section */

/* Begin PBXProject section */
		FADC78421BE0561400CB0A28 /* Project object */ = {
			isa = PBXProject;
			attributes = {
				LastSwiftUpdateCheck = 0710;
				LastUpgradeCheck = 0710;
				ORGANIZATIONNAME = Sobremesa;
				TargetAttributes = {
					FADC78491BE0561500CB0A28 = {
						CreatedOnToolsVersion = 7.1;
						DevelopmentTeam = Q333DC2NBH;
					};
				};
			};
			buildConfigurationList = FADC78451BE0561500CB0A28 /* Build configuration list for PBXProject "Birds Around Me" */;
			compatibilityVersion = "Xcode 3.2";
			developmentRegion = English;
			hasScannedForEncodings = 0;
			knownRegions = (
				en,
				Base,
			);
			mainGroup = FADC78411BE0561400CB0A28;
			productRefGroup = FADC784B1BE0561500CB0A28 /* Products */;
			projectDirPath = "";
			projectRoot = "";
			targets = (
				FADC78491BE0561500CB0A28 /* Birds Around Me */,
			);
		};
/* End PBXProject section */

/* Begin PBXResourcesBuildPhase section */
		FADC78481BE0561500CB0A28 /* Resources */ = {
			isa = PBXResourcesBuildPhase;
			buildActionMask = 2147483647;
			files = (
				FADC78581BE0561500CB0A28 /* LaunchScreen.storyboard in Resources */,
				FA1D083C1BE690C200374E8F /* imgurImages.plist in Resources */,
				FADC78551BE0561500CB0A28 /* Assets.xcassets in Resources */,
				FADC78531BE0561500CB0A28 /* Main.storyboard in Resources */,
			);
			runOnlyForDeploymentPostprocessing = 0;
		};
/* End PBXResourcesBuildPhase section */

/* Begin PBXShellScriptBuildPhase section */
		518877DA691382CFC180D4F8 /* Copy Pods Resources */ = {
			isa = PBXShellScriptBuildPhase;
			buildActionMask = 2147483647;
			files = (
			);
			inputPaths = (
			);
			name = "Copy Pods Resources";
			outputPaths = (
			);
			runOnlyForDeploymentPostprocessing = 0;
			shellPath = /bin/sh;
			shellScript = "\"${SRCROOT}/Pods/Target Support Files/Pods/Pods-resources.sh\"\n";
			showEnvVarsInLog = 0;
		};
		73EE8343F5157ED59932AD6B /* Embed Pods Frameworks */ = {
			isa = PBXShellScriptBuildPhase;
			buildActionMask = 2147483647;
			files = (
			);
			inputPaths = (
			);
			name = "Embed Pods Frameworks";
			outputPaths = (
			);
			runOnlyForDeploymentPostprocessing = 0;
			shellPath = /bin/sh;
			shellScript = "\"${SRCROOT}/Pods/Target Support Files/Pods/Pods-frameworks.sh\"\n";
			showEnvVarsInLog = 0;
		};
		C25D9DA6359ADBB54EDFB3D3 /* Check Pods Manifest.lock */ = {
			isa = PBXShellScriptBuildPhase;
			buildActionMask = 2147483647;
			files = (
			);
			inputPaths = (
			);
			name = "Check Pods Manifest.lock";
			outputPaths = (
			);
			runOnlyForDeploymentPostprocessing = 0;
			shellPath = /bin/sh;
			shellScript = "diff \"${PODS_ROOT}/../Podfile.lock\" \"${PODS_ROOT}/Manifest.lock\" > /dev/null\nif [[ $? != 0 ]] ; then\n    cat << EOM\nerror: The sandbox is not in sync with the Podfile.lock. Run 'pod install' or update your CocoaPods installation.\nEOM\n    exit 1\nfi\n";
			showEnvVarsInLog = 0;
		};
/* End PBXShellScriptBuildPhase section */

/* Begin PBXSourcesBuildPhase section */
		FADC78461BE0561500CB0A28 /* Sources */ = {
			isa = PBXSourcesBuildPhase;
			buildActionMask = 2147483647;
			files = (
				5E33F1D41BE3D7750079EA78 /* AppDelegate.swift in Sources */,
				FA1D083A1BE663D800374E8F /* ImgurRouter.swift in Sources */,
				AC8494F01BE1B858000173D9 /* SightingsManager.swift in Sources */,
				FA1D083E1BE6913500374E8F /* ImagesManager.swift in Sources */,
				5E33F1DB1BE3E3790079EA78 /* SightingCollectionViewCell.swift in Sources */,
				5E20802D1BE7CCD8003F8BB7 /* LocationUtility.swift in Sources */,
				5E33F1CA1BE1625D0079EA78 /* Sighting.swift in Sources */,
				FA455EC91BE07AA100293002 /* EbirdRouter.swift in Sources */,
				5E33F1CF1BE165770079EA78 /* AlamofireRequest+Responses.swift in Sources */,
				5E33F1D61BE3D77E0079EA78 /* SightingsViewController.swift in Sources */,
			);
			runOnlyForDeploymentPostprocessing = 0;
		};
/* End PBXSourcesBuildPhase section */

/* Begin PBXVariantGroup section */
		FADC78511BE0561500CB0A28 /* Main.storyboard */ = {
			isa = PBXVariantGroup;
			children = (
				FADC78521BE0561500CB0A28 /* Base */,
			);
			name = Main.storyboard;
			sourceTree = "<group>";
		};
		FADC78561BE0561500CB0A28 /* LaunchScreen.storyboard */ = {
			isa = PBXVariantGroup;
			children = (
				FADC78571BE0561500CB0A28 /* Base */,
			);
			name = LaunchScreen.storyboard;
			sourceTree = "<group>";
		};
/* End PBXVariantGroup section */

/* Begin XCBuildConfiguration section */
		FADC785A1BE0561500CB0A28 /* Debug */ = {
			isa = XCBuildConfiguration;
			buildSettings = {
				ALWAYS_SEARCH_USER_PATHS = NO;
				CLANG_CXX_LANGUAGE_STANDARD = "gnu++0x";
				CLANG_CXX_LIBRARY = "libc++";
				CLANG_ENABLE_MODULES = YES;
				CLANG_ENABLE_OBJC_ARC = YES;
				CLANG_WARN_BOOL_CONVERSION = YES;
				CLANG_WARN_CONSTANT_CONVERSION = YES;
				CLANG_WARN_DIRECT_OBJC_ISA_USAGE = YES_ERROR;
				CLANG_WARN_EMPTY_BODY = YES;
				CLANG_WARN_ENUM_CONVERSION = YES;
				CLANG_WARN_INT_CONVERSION = YES;
				CLANG_WARN_OBJC_ROOT_CLASS = YES_ERROR;
				CLANG_WARN_UNREACHABLE_CODE = YES;
				CLANG_WARN__DUPLICATE_METHOD_MATCH = YES;
				"CODE_SIGN_IDENTITY[sdk=iphoneos*]" = "iPhone Developer";
				COPY_PHASE_STRIP = NO;
				DEBUG_INFORMATION_FORMAT = dwarf;
				ENABLE_STRICT_OBJC_MSGSEND = YES;
				ENABLE_TESTABILITY = YES;
				GCC_C_LANGUAGE_STANDARD = gnu99;
				GCC_DYNAMIC_NO_PIC = NO;
				GCC_NO_COMMON_BLOCKS = YES;
				GCC_OPTIMIZATION_LEVEL = 0;
				GCC_PREPROCESSOR_DEFINITIONS = (
					"DEBUG=1",
					"$(inherited)",
				);
				GCC_WARN_64_TO_32_BIT_CONVERSION = YES;
				GCC_WARN_ABOUT_RETURN_TYPE = YES_ERROR;
				GCC_WARN_UNDECLARED_SELECTOR = YES;
				GCC_WARN_UNINITIALIZED_AUTOS = YES_AGGRESSIVE;
				GCC_WARN_UNUSED_FUNCTION = YES;
				GCC_WARN_UNUSED_VARIABLE = YES;
				IPHONEOS_DEPLOYMENT_TARGET = 9.1;
				MTL_ENABLE_DEBUG_INFO = YES;
				ONLY_ACTIVE_ARCH = YES;
				SDKROOT = iphoneos;
				SWIFT_OPTIMIZATION_LEVEL = "-Onone";
				TARGETED_DEVICE_FAMILY = "1,2";
			};
			name = Debug;
		};
		FADC785B1BE0561500CB0A28 /* Release */ = {
			isa = XCBuildConfiguration;
			buildSettings = {
				ALWAYS_SEARCH_USER_PATHS = NO;
				CLANG_CXX_LANGUAGE_STANDARD = "gnu++0x";
				CLANG_CXX_LIBRARY = "libc++";
				CLANG_ENABLE_MODULES = YES;
				CLANG_ENABLE_OBJC_ARC = YES;
				CLANG_WARN_BOOL_CONVERSION = YES;
				CLANG_WARN_CONSTANT_CONVERSION = YES;
				CLANG_WARN_DIRECT_OBJC_ISA_USAGE = YES_ERROR;
				CLANG_WARN_EMPTY_BODY = YES;
				CLANG_WARN_ENUM_CONVERSION = YES;
				CLANG_WARN_INT_CONVERSION = YES;
				CLANG_WARN_OBJC_ROOT_CLASS = YES_ERROR;
				CLANG_WARN_UNREACHABLE_CODE = YES;
				CLANG_WARN__DUPLICATE_METHOD_MATCH = YES;
				"CODE_SIGN_IDENTITY[sdk=iphoneos*]" = "iPhone Developer";
				COPY_PHASE_STRIP = NO;
				DEBUG_INFORMATION_FORMAT = "dwarf-with-dsym";
				ENABLE_NS_ASSERTIONS = NO;
				ENABLE_STRICT_OBJC_MSGSEND = YES;
				GCC_C_LANGUAGE_STANDARD = gnu99;
				GCC_NO_COMMON_BLOCKS = YES;
				GCC_WARN_64_TO_32_BIT_CONVERSION = YES;
				GCC_WARN_ABOUT_RETURN_TYPE = YES_ERROR;
				GCC_WARN_UNDECLARED_SELECTOR = YES;
				GCC_WARN_UNINITIALIZED_AUTOS = YES_AGGRESSIVE;
				GCC_WARN_UNUSED_FUNCTION = YES;
				GCC_WARN_UNUSED_VARIABLE = YES;
				IPHONEOS_DEPLOYMENT_TARGET = 9.1;
				MTL_ENABLE_DEBUG_INFO = NO;
				SDKROOT = iphoneos;
				TARGETED_DEVICE_FAMILY = "1,2";
				VALIDATE_PRODUCT = YES;
			};
			name = Release;
		};
		FADC785D1BE0561500CB0A28 /* Debug */ = {
			isa = XCBuildConfiguration;
			baseConfigurationReference = FB79AE2D453BC92F02A7E753 /* Pods.debug.xcconfig */;
			buildSettings = {
				ASSETCATALOG_COMPILER_APPICON_NAME = AppIcon;
				CODE_SIGN_IDENTITY = "iPhone Developer";
				"CODE_SIGN_IDENTITY[sdk=iphoneos*]" = "iPhone Developer";
				INFOPLIST_FILE = "Birds Around Me/Info.plist";
				IPHONEOS_DEPLOYMENT_TARGET = 9.1;
				LD_RUNPATH_SEARCH_PATHS = "$(inherited) @executable_path/Frameworks";
				PRODUCT_BUNDLE_IDENTIFIER = "sobremesa.Birds-Around-Me";
				PRODUCT_NAME = "$(TARGET_NAME)";
				PROVISIONING_PROFILE = "";
			};
			name = Debug;
		};
		FADC785E1BE0561500CB0A28 /* Release */ = {
			isa = XCBuildConfiguration;
			baseConfigurationReference = 87D7D865CC8E055CC465242D /* Pods.release.xcconfig */;
			buildSettings = {
				ASSETCATALOG_COMPILER_APPICON_NAME = AppIcon;
				CODE_SIGN_IDENTITY = "iPhone Developer";
				"CODE_SIGN_IDENTITY[sdk=iphoneos*]" = "iPhone Developer";
				INFOPLIST_FILE = "Birds Around Me/Info.plist";
				IPHONEOS_DEPLOYMENT_TARGET = 9.1;
				LD_RUNPATH_SEARCH_PATHS = "$(inherited) @executable_path/Frameworks";
				PRODUCT_BUNDLE_IDENTIFIER = "sobremesa.Birds-Around-Me";
				PRODUCT_NAME = "$(TARGET_NAME)";
				PROVISIONING_PROFILE = "";
			};
			name = Release;
		};
/* End XCBuildConfiguration section */

/* Begin XCConfigurationList section */
		FADC78451BE0561500CB0A28 /* Build configuration list for PBXProject "Birds Around Me" */ = {
			isa = XCConfigurationList;
			buildConfigurations = (
				FADC785A1BE0561500CB0A28 /* Debug */,
				FADC785B1BE0561500CB0A28 /* Release */,
			);
			defaultConfigurationIsVisible = 0;
			defaultConfigurationName = Release;
		};
		FADC785C1BE0561500CB0A28 /* Build configuration list for PBXNativeTarget "Birds Around Me" */ = {
			isa = XCConfigurationList;
			buildConfigurations = (
				FADC785D1BE0561500CB0A28 /* Debug */,
				FADC785E1BE0561500CB0A28 /* Release */,
			);
			defaultConfigurationIsVisible = 0;
			defaultConfigurationName = Release;
		};
/* End XCConfigurationList section */
	};
	rootObject = FADC78421BE0561400CB0A28 /* Project object */;
}
